// !$*UTF8*$!
{
	archiveVersion = 1;
	classes = {
	};
	objectVersion = 56;
	objects = {

/* Begin PBXBuildFile section */
		4205B8862C1EC1C500A087D8 /* SpeechText.swift in Sources */ = {isa = PBXBuildFile; fileRef = 4205B8852C1EC1C500A087D8 /* SpeechText.swift */; };
		424691342C19A65E008FB866 /* SwiftUIDemoApp.swift in Sources */ = {isa = PBXBuildFile; fileRef = 424691332C19A65E008FB866 /* SwiftUIDemoApp.swift */; };
		424691362C19A65E008FB866 /* ContentView.swift in Sources */ = {isa = PBXBuildFile; fileRef = 424691352C19A65E008FB866 /* ContentView.swift */; };
		424691382C19A660008FB866 /* Assets.xcassets in Resources */ = {isa = PBXBuildFile; fileRef = 424691372C19A660008FB866 /* Assets.xcassets */; };
		4246913B2C19A660008FB866 /* Preview Assets.xcassets in Resources */ = {isa = PBXBuildFile; fileRef = 4246913A2C19A660008FB866 /* Preview Assets.xcassets */; };
		424691422C19A6DF008FB866 /* HomeView.swift in Sources */ = {isa = PBXBuildFile; fileRef = 424691412C19A6DF008FB866 /* HomeView.swift */; };
		424691442C19A6F3008FB866 /* StoryView.swift in Sources */ = {isa = PBXBuildFile; fileRef = 424691432C19A6F3008FB866 /* StoryView.swift */; };
		424691462C19A706008FB866 /* FaviteView.swift in Sources */ = {isa = PBXBuildFile; fileRef = 424691452C19A706008FB866 /* FaviteView.swift */; };
		424691482C19A71C008FB866 /* FunFactsView.swift in Sources */ = {isa = PBXBuildFile; fileRef = 424691472C19A71C008FB866 /* FunFactsView.swift */; };
		4246914A2C19A874008FB866 /* DummyData.swift in Sources */ = {isa = PBXBuildFile; fileRef = 424691492C19A874008FB866 /* DummyData.swift */; };
		4246914C2C19B1CD008FB866 /* StoriesView.swift in Sources */ = {isa = PBXBuildFile; fileRef = 4246914B2C19B1CD008FB866 /* StoriesView.swift */; };
		424691502C19B21C008FB866 /* AllShowFromHere.swift in Sources */ = {isa = PBXBuildFile; fileRef = 4246914F2C19B21C008FB866 /* AllShowFromHere.swift */; };
		424691522C19B31C008FB866 /* MyStory.swift in Sources */ = {isa = PBXBuildFile; fileRef = 424691512C19B31C008FB866 /* MyStory.swift */; };
		424691542C19B340008FB866 /* StoryModels.swift in Sources */ = {isa = PBXBuildFile; fileRef = 424691532C19B340008FB866 /* StoryModels.swift */; };
		424691562C19B478008FB866 /* StoryPageView.swift in Sources */ = {isa = PBXBuildFile; fileRef = 424691552C19B478008FB866 /* StoryPageView.swift */; };
		424691592C19B7C3008FB866 /* DatePlannerApp.swift in Sources */ = {isa = PBXBuildFile; fileRef = 424691582C19B7C3008FB866 /* DatePlannerApp.swift */; };
		4246915B2C19B940008FB866 /* EventData.swift in Sources */ = {isa = PBXBuildFile; fileRef = 4246915A2C19B940008FB866 /* EventData.swift */; };
		4246915D2C19B94B008FB866 /* EventList.swift in Sources */ = {isa = PBXBuildFile; fileRef = 4246915C2C19B94B008FB866 /* EventList.swift */; };
		4246915F2C19BA50008FB866 /* EventTask.swift in Sources */ = {isa = PBXBuildFile; fileRef = 4246915E2C19BA50008FB866 /* EventTask.swift */; };
		424691612C19BA69008FB866 /* Event.swift in Sources */ = {isa = PBXBuildFile; fileRef = 424691602C19BA69008FB866 /* Event.swift */; };
		424691632C19BB8F008FB866 /* EventSymbols.swift in Sources */ = {isa = PBXBuildFile; fileRef = 424691622C19BB8F008FB866 /* EventSymbols.swift */; };
		424691652C19BBE5008FB866 /* ColorOptions.swift in Sources */ = {isa = PBXBuildFile; fileRef = 424691642C19BBE5008FB866 /* ColorOptions.swift */; };
		424691672C19C124008FB866 /* EventEditor.swift in Sources */ = {isa = PBXBuildFile; fileRef = 424691662C19C124008FB866 /* EventEditor.swift */; };
		424691692C19C1FD008FB866 /* EventDetail.swift in Sources */ = {isa = PBXBuildFile; fileRef = 424691682C19C1FD008FB866 /* EventDetail.swift */; };
		4246916B2C19C383008FB866 /* TaskRow.swift in Sources */ = {isa = PBXBuildFile; fileRef = 4246916A2C19C383008FB866 /* TaskRow.swift */; };
		4246916D2C19CE19008FB866 /* SymbolPicker.swift in Sources */ = {isa = PBXBuildFile; fileRef = 4246916C2C19CE19008FB866 /* SymbolPicker.swift */; };
		4246916F2C19EA52008FB866 /* Quiz.swift in Sources */ = {isa = PBXBuildFile; fileRef = 4246916E2C19EA52008FB866 /* Quiz.swift */; };
		424691712C19ED82008FB866 /* TextSpeech.swift in Sources */ = {isa = PBXBuildFile; fileRef = 424691702C19ED82008FB866 /* TextSpeech.swift */; };
/* End PBXBuildFile section */

/* Begin PBXFileReference section */
		4205B8852C1EC1C500A087D8 /* SpeechText.swift */ = {isa = PBXFileReference; lastKnownFileType = sourcecode.swift; path = SpeechText.swift; sourceTree = "<group>"; };
		424691302C19A65E008FB866 /* SwiftUIDemo.app */ = {isa = PBXFileReference; explicitFileType = wrapper.application; includeInIndex = 0; path = SwiftUIDemo.app; sourceTree = BUILT_PRODUCTS_DIR; };
		424691332C19A65E008FB866 /* SwiftUIDemoApp.swift */ = {isa = PBXFileReference; lastKnownFileType = sourcecode.swift; path = SwiftUIDemoApp.swift; sourceTree = "<group>"; };
		424691352C19A65E008FB866 /* ContentView.swift */ = {isa = PBXFileReference; lastKnownFileType = sourcecode.swift; path = ContentView.swift; sourceTree = "<group>"; };
		424691372C19A660008FB866 /* Assets.xcassets */ = {isa = PBXFileReference; lastKnownFileType = folder.assetcatalog; path = Assets.xcassets; sourceTree = "<group>"; };
		4246913A2C19A660008FB866 /* Preview Assets.xcassets */ = {isa = PBXFileReference; lastKnownFileType = folder.assetcatalog; path = "Preview Assets.xcassets"; sourceTree = "<group>"; };
		424691412C19A6DF008FB866 /* HomeView.swift */ = {isa = PBXFileReference; lastKnownFileType = sourcecode.swift; path = HomeView.swift; sourceTree = "<group>"; };
		424691432C19A6F3008FB866 /* StoryView.swift */ = {isa = PBXFileReference; lastKnownFileType = sourcecode.swift; path = StoryView.swift; sourceTree = "<group>"; };
		424691452C19A706008FB866 /* FaviteView.swift */ = {isa = PBXFileReference; lastKnownFileType = sourcecode.swift; path = FaviteView.swift; sourceTree = "<group>"; };
		424691472C19A71C008FB866 /* FunFactsView.swift */ = {isa = PBXFileReference; lastKnownFileType = sourcecode.swift; path = FunFactsView.swift; sourceTree = "<group>"; };
		424691492C19A874008FB866 /* DummyData.swift */ = {isa = PBXFileReference; lastKnownFileType = sourcecode.swift; path = DummyData.swift; sourceTree = "<group>"; };
		4246914B2C19B1CD008FB866 /* StoriesView.swift */ = {isa = PBXFileReference; lastKnownFileType = sourcecode.swift; path = StoriesView.swift; sourceTree = "<group>"; };
		4246914F2C19B21C008FB866 /* AllShowFromHere.swift */ = {isa = PBXFileReference; lastKnownFileType = sourcecode.swift; path = AllShowFromHere.swift; sourceTree = "<group>"; };
		424691512C19B31C008FB866 /* MyStory.swift */ = {isa = PBXFileReference; lastKnownFileType = sourcecode.swift; path = MyStory.swift; sourceTree = "<group>"; };
		424691532C19B340008FB866 /* StoryModels.swift */ = {isa = PBXFileReference; lastKnownFileType = sourcecode.swift; path = StoryModels.swift; sourceTree = "<group>"; };
		424691552C19B478008FB866 /* StoryPageView.swift */ = {isa = PBXFileReference; lastKnownFileType = sourcecode.swift; path = StoryPageView.swift; sourceTree = "<group>"; };
		424691582C19B7C3008FB866 /* DatePlannerApp.swift */ = {isa = PBXFileReference; lastKnownFileType = sourcecode.swift; path = DatePlannerApp.swift; sourceTree = "<group>"; };
		4246915A2C19B940008FB866 /* EventData.swift */ = {isa = PBXFileReference; lastKnownFileType = sourcecode.swift; path = EventData.swift; sourceTree = "<group>"; };
		4246915C2C19B94B008FB866 /* EventList.swift */ = {isa = PBXFileReference; lastKnownFileType = sourcecode.swift; path = EventList.swift; sourceTree = "<group>"; };
		4246915E2C19BA50008FB866 /* EventTask.swift */ = {isa = PBXFileReference; lastKnownFileType = sourcecode.swift; path = EventTask.swift; sourceTree = "<group>"; };
		424691602C19BA69008FB866 /* Event.swift */ = {isa = PBXFileReference; lastKnownFileType = sourcecode.swift; path = Event.swift; sourceTree = "<group>"; };
		424691622C19BB8F008FB866 /* EventSymbols.swift */ = {isa = PBXFileReference; lastKnownFileType = sourcecode.swift; path = EventSymbols.swift; sourceTree = "<group>"; };
		424691642C19BBE5008FB866 /* ColorOptions.swift */ = {isa = PBXFileReference; lastKnownFileType = sourcecode.swift; path = ColorOptions.swift; sourceTree = "<group>"; };
		424691662C19C124008FB866 /* EventEditor.swift */ = {isa = PBXFileReference; lastKnownFileType = sourcecode.swift; path = EventEditor.swift; sourceTree = "<group>"; };
		424691682C19C1FD008FB866 /* EventDetail.swift */ = {isa = PBXFileReference; lastKnownFileType = sourcecode.swift; path = EventDetail.swift; sourceTree = "<group>"; };
		4246916A2C19C383008FB866 /* TaskRow.swift */ = {isa = PBXFileReference; lastKnownFileType = sourcecode.swift; path = TaskRow.swift; sourceTree = "<group>"; };
		4246916C2C19CE19008FB866 /* SymbolPicker.swift */ = {isa = PBXFileReference; lastKnownFileType = sourcecode.swift; path = SymbolPicker.swift; sourceTree = "<group>"; };
		4246916E2C19EA52008FB866 /* Quiz.swift */ = {isa = PBXFileReference; lastKnownFileType = sourcecode.swift; path = Quiz.swift; sourceTree = "<group>"; };
		424691702C19ED82008FB866 /* TextSpeech.swift */ = {isa = PBXFileReference; lastKnownFileType = sourcecode.swift; path = TextSpeech.swift; sourceTree = "<group>"; };
/* End PBXFileReference section */

/* Begin PBXFrameworksBuildPhase section */
		4246912D2C19A65E008FB866 /* Frameworks */ = {
			isa = PBXFrameworksBuildPhase;
			buildActionMask = 2147483647;
			files = (
			);
			runOnlyForDeploymentPostprocessing = 0;
		};
/* End PBXFrameworksBuildPhase section */

/* Begin PBXGroup section */
		424691272C19A65E008FB866 = {
			isa = PBXGroup;
			children = (
				424691322C19A65E008FB866 /* SwiftUIDemo */,
				424691312C19A65E008FB866 /* Products */,
			);
			sourceTree = "<group>";
		};
		424691312C19A65E008FB866 /* Products */ = {
			isa = PBXGroup;
			children = (
				424691302C19A65E008FB866 /* SwiftUIDemo.app */,
			);
			name = Products;
			sourceTree = "<group>";
		};
		424691322C19A65E008FB866 /* SwiftUIDemo */ = {
			isa = PBXGroup;
			children = (
				424691572C19B792008FB866 /* DatePlanner */,
				4246914E2C19B208008FB866 /* Stories */,
				4246914D2C19B1F0008FB866 /* Tabbar */,
				424691332C19A65E008FB866 /* SwiftUIDemoApp.swift */,
				424691372C19A660008FB866 /* Assets.xcassets */,
				424691392C19A660008FB866 /* Preview Content */,
				4246914F2C19B21C008FB866 /* AllShowFromHere.swift */,
				4246916E2C19EA52008FB866 /* Quiz.swift */,
				424691702C19ED82008FB866 /* TextSpeech.swift */,
				4205B8852C1EC1C500A087D8 /* SpeechText.swift */,
			);
			path = SwiftUIDemo;
			sourceTree = "<group>";
		};
		424691392C19A660008FB866 /* Preview Content */ = {
			isa = PBXGroup;
			children = (
				4246913A2C19A660008FB866 /* Preview Assets.xcassets */,
			);
			path = "Preview Content";
			sourceTree = "<group>";
		};
		4246914D2C19B1F0008FB866 /* Tabbar */ = {
			isa = PBXGroup;
			children = (
				424691352C19A65E008FB866 /* ContentView.swift */,
				424691412C19A6DF008FB866 /* HomeView.swift */,
				424691432C19A6F3008FB866 /* StoryView.swift */,
				424691452C19A706008FB866 /* FaviteView.swift */,
				424691472C19A71C008FB866 /* FunFactsView.swift */,
				424691492C19A874008FB866 /* DummyData.swift */,
			);
			path = Tabbar;
			sourceTree = "<group>";
		};
		4246914E2C19B208008FB866 /* Stories */ = {
			isa = PBXGroup;
			children = (
				4246914B2C19B1CD008FB866 /* StoriesView.swift */,
				424691512C19B31C008FB866 /* MyStory.swift */,
				424691532C19B340008FB866 /* StoryModels.swift */,
				424691552C19B478008FB866 /* StoryPageView.swift */,
			);
			path = Stories;
			sourceTree = "<group>";
		};
		424691572C19B792008FB866 /* DatePlanner */ = {
			isa = PBXGroup;
			children = (
				424691582C19B7C3008FB866 /* DatePlannerApp.swift */,
				4246915A2C19B940008FB866 /* EventData.swift */,
				4246915C2C19B94B008FB866 /* EventList.swift */,
				4246915E2C19BA50008FB866 /* EventTask.swift */,
				424691602C19BA69008FB866 /* Event.swift */,
				424691622C19BB8F008FB866 /* EventSymbols.swift */,
				424691642C19BBE5008FB866 /* ColorOptions.swift */,
				424691662C19C124008FB866 /* EventEditor.swift */,
				424691682C19C1FD008FB866 /* EventDetail.swift */,
				4246916A2C19C383008FB866 /* TaskRow.swift */,
				4246916C2C19CE19008FB866 /* SymbolPicker.swift */,
			);
			path = DatePlanner;
			sourceTree = "<group>";
		};
/* End PBXGroup section */

/* Begin PBXNativeTarget section */
		4246912F2C19A65E008FB866 /* SwiftUIDemo */ = {
			isa = PBXNativeTarget;
			buildConfigurationList = 4246913E2C19A660008FB866 /* Build configuration list for PBXNativeTarget "SwiftUIDemo" */;
			buildPhases = (
				4246912C2C19A65E008FB866 /* Sources */,
				4246912D2C19A65E008FB866 /* Frameworks */,
				4246912E2C19A65E008FB866 /* Resources */,
			);
			buildRules = (
			);
			dependencies = (
			);
			name = SwiftUIDemo;
			productName = SwiftUIDemo;
			productReference = 424691302C19A65E008FB866 /* SwiftUIDemo.app */;
			productType = "com.apple.product-type.application";
		};
/* End PBXNativeTarget section */

/* Begin PBXProject section */
		424691282C19A65E008FB866 /* Project object */ = {
			isa = PBXProject;
			attributes = {
				BuildIndependentTargetsInParallel = 1;
				LastSwiftUpdateCheck = 1540;
				LastUpgradeCheck = 1540;
				TargetAttributes = {
					4246912F2C19A65E008FB866 = {
						CreatedOnToolsVersion = 15.4;
					};
				};
			};
			buildConfigurationList = 4246912B2C19A65E008FB866 /* Build configuration list for PBXProject "SwiftUIDemo" */;
			compatibilityVersion = "Xcode 14.0";
			developmentRegion = en;
			hasScannedForEncodings = 0;
			knownRegions = (
				en,
				Base,
			);
			mainGroup = 424691272C19A65E008FB866;
			productRefGroup = 424691312C19A65E008FB866 /* Products */;
			projectDirPath = "";
			projectRoot = "";
			targets = (
				4246912F2C19A65E008FB866 /* SwiftUIDemo */,
			);
		};
/* End PBXProject section */

/* Begin PBXResourcesBuildPhase section */
		4246912E2C19A65E008FB866 /* Resources */ = {
			isa = PBXResourcesBuildPhase;
			buildActionMask = 2147483647;
			files = (
				4246913B2C19A660008FB866 /* Preview Assets.xcassets in Resources */,
				424691382C19A660008FB866 /* Assets.xcassets in Resources */,
			);
			runOnlyForDeploymentPostprocessing = 0;
		};
/* End PBXResourcesBuildPhase section */

/* Begin PBXSourcesBuildPhase section */
		4246912C2C19A65E008FB866 /* Sources */ = {
			isa = PBXSourcesBuildPhase;
			buildActionMask = 2147483647;
			files = (
				424691592C19B7C3008FB866 /* DatePlannerApp.swift in Sources */,
				424691542C19B340008FB866 /* StoryModels.swift in Sources */,
				4246915B2C19B940008FB866 /* EventData.swift in Sources */,
				424691652C19BBE5008FB866 /* ColorOptions.swift in Sources */,
				4246915D2C19B94B008FB866 /* EventList.swift in Sources */,
				424691502C19B21C008FB866 /* AllShowFromHere.swift in Sources */,
				424691422C19A6DF008FB866 /* HomeView.swift in Sources */,
				4246914C2C19B1CD008FB866 /* StoriesView.swift in Sources */,
				4205B8862C1EC1C500A087D8 /* SpeechText.swift in Sources */,
				424691362C19A65E008FB866 /* ContentView.swift in Sources */,
				424691612C19BA69008FB866 /* Event.swift in Sources */,
				424691482C19A71C008FB866 /* FunFactsView.swift in Sources */,
				424691522C19B31C008FB866 /* MyStory.swift in Sources */,
				424691562C19B478008FB866 /* StoryPageView.swift in Sources */,
				424691672C19C124008FB866 /* EventEditor.swift in Sources */,
				4246916F2C19EA52008FB866 /* Quiz.swift in Sources */,
				424691692C19C1FD008FB866 /* EventDetail.swift in Sources */,
				4246914A2C19A874008FB866 /* DummyData.swift in Sources */,
				4246916D2C19CE19008FB866 /* SymbolPicker.swift in Sources */,
				424691442C19A6F3008FB866 /* StoryView.swift in Sources */,
				424691632C19BB8F008FB866 /* EventSymbols.swift in Sources */,
				424691462C19A706008FB866 /* FaviteView.swift in Sources */,
				4246916B2C19C383008FB866 /* TaskRow.swift in Sources */,
				424691712C19ED82008FB866 /* TextSpeech.swift in Sources */,
				424691342C19A65E008FB866 /* SwiftUIDemoApp.swift in Sources */,
				4246915F2C19BA50008FB866 /* EventTask.swift in Sources */,
			);
			runOnlyForDeploymentPostprocessing = 0;
		};
/* End PBXSourcesBuildPhase section */

/* Begin XCBuildConfiguration section */
		4246913C2C19A660008FB866 /* Debug */ = {
			isa = XCBuildConfiguration;
			buildSettings = {
				ALWAYS_SEARCH_USER_PATHS = NO;
				ASSETCATALOG_COMPILER_GENERATE_SWIFT_ASSET_SYMBOL_EXTENSIONS = YES;
				CLANG_ANALYZER_NONNULL = YES;
				CLANG_ANALYZER_NUMBER_OBJECT_CONVERSION = YES_AGGRESSIVE;
				CLANG_CXX_LANGUAGE_STANDARD = "gnu++20";
				CLANG_ENABLE_MODULES = YES;
				CLANG_ENABLE_OBJC_ARC = YES;
				CLANG_ENABLE_OBJC_WEAK = YES;
				CLANG_WARN_BLOCK_CAPTURE_AUTORELEASING = YES;
				CLANG_WARN_BOOL_CONVERSION = YES;
				CLANG_WARN_COMMA = YES;
				CLANG_WARN_CONSTANT_CONVERSION = YES;
				CLANG_WARN_DEPRECATED_OBJC_IMPLEMENTATIONS = YES;
				CLANG_WARN_DIRECT_OBJC_ISA_USAGE = YES_ERROR;
				CLANG_WARN_DOCUMENTATION_COMMENTS = YES;
				CLANG_WARN_EMPTY_BODY = YES;
				CLANG_WARN_ENUM_CONVERSION = YES;
				CLANG_WARN_INFINITE_RECURSION = YES;
				CLANG_WARN_INT_CONVERSION = YES;
				CLANG_WARN_NON_LITERAL_NULL_CONVERSION = YES;
				CLANG_WARN_OBJC_IMPLICIT_RETAIN_SELF = YES;
				CLANG_WARN_OBJC_LITERAL_CONVERSION = YES;
				CLANG_WARN_OBJC_ROOT_CLASS = YES_ERROR;
				CLANG_WARN_QUOTED_INCLUDE_IN_FRAMEWORK_HEADER = YES;
				CLANG_WARN_RANGE_LOOP_ANALYSIS = YES;
				CLANG_WARN_STRICT_PROTOTYPES = YES;
				CLANG_WARN_SUSPICIOUS_MOVE = YES;
				CLANG_WARN_UNGUARDED_AVAILABILITY = YES_AGGRESSIVE;
				CLANG_WARN_UNREACHABLE_CODE = YES;
				CLANG_WARN__DUPLICATE_METHOD_MATCH = YES;
				COPY_PHASE_STRIP = NO;
				DEBUG_INFORMATION_FORMAT = dwarf;
				ENABLE_STRICT_OBJC_MSGSEND = YES;
				ENABLE_TESTABILITY = YES;
				ENABLE_USER_SCRIPT_SANDBOXING = YES;
				GCC_C_LANGUAGE_STANDARD = gnu17;
				GCC_DYNAMIC_NO_PIC = NO;
				GCC_NO_COMMON_BLOCKS = YES;
				GCC_OPTIMIZATION_LEVEL = 0;
				GCC_PREPROCESSOR_DEFINITIONS = (
					"DEBUG=1",
					"$(inherited)",
				);
				GCC_WARN_64_TO_32_BIT_CONVERSION = YES;
				GCC_WARN_ABOUT_RETURN_TYPE = YES_ERROR;
				GCC_WARN_UNDECLARED_SELECTOR = YES;
				GCC_WARN_UNINITIALIZED_AUTOS = YES_AGGRESSIVE;
				GCC_WARN_UNUSED_FUNCTION = YES;
				GCC_WARN_UNUSED_VARIABLE = YES;
				IPHONEOS_DEPLOYMENT_TARGET = 17.5;
				LOCALIZATION_PREFERS_STRING_CATALOGS = YES;
				MTL_ENABLE_DEBUG_INFO = INCLUDE_SOURCE;
				MTL_FAST_MATH = YES;
				ONLY_ACTIVE_ARCH = YES;
				SDKROOT = iphoneos;
				SWIFT_ACTIVE_COMPILATION_CONDITIONS = "DEBUG $(inherited)";
				SWIFT_OPTIMIZATION_LEVEL = "-Onone";
			};
			name = Debug;
		};
		4246913D2C19A660008FB866 /* Release */ = {
			isa = XCBuildConfiguration;
			buildSettings = {
				ALWAYS_SEARCH_USER_PATHS = NO;
				ASSETCATALOG_COMPILER_GENERATE_SWIFT_ASSET_SYMBOL_EXTENSIONS = YES;
				CLANG_ANALYZER_NONNULL = YES;
				CLANG_ANALYZER_NUMBER_OBJECT_CONVERSION = YES_AGGRESSIVE;
				CLANG_CXX_LANGUAGE_STANDARD = "gnu++20";
				CLANG_ENABLE_MODULES = YES;
				CLANG_ENABLE_OBJC_ARC = YES;
				CLANG_ENABLE_OBJC_WEAK = YES;
				CLANG_WARN_BLOCK_CAPTURE_AUTORELEASING = YES;
				CLANG_WARN_BOOL_CONVERSION = YES;
				CLANG_WARN_COMMA = YES;
				CLANG_WARN_CONSTANT_CONVERSION = YES;
				CLANG_WARN_DEPRECATED_OBJC_IMPLEMENTATIONS = YES;
				CLANG_WARN_DIRECT_OBJC_ISA_USAGE = YES_ERROR;
				CLANG_WARN_DOCUMENTATION_COMMENTS = YES;
				CLANG_WARN_EMPTY_BODY = YES;
				CLANG_WARN_ENUM_CONVERSION = YES;
				CLANG_WARN_INFINITE_RECURSION = YES;
				CLANG_WARN_INT_CONVERSION = YES;
				CLANG_WARN_NON_LITERAL_NULL_CONVERSION = YES;
				CLANG_WARN_OBJC_IMPLICIT_RETAIN_SELF = YES;
				CLANG_WARN_OBJC_LITERAL_CONVERSION = YES;
				CLANG_WARN_OBJC_ROOT_CLASS = YES_ERROR;
				CLANG_WARN_QUOTED_INCLUDE_IN_FRAMEWORK_HEADER = YES;
				CLANG_WARN_RANGE_LOOP_ANALYSIS = YES;
				CLANG_WARN_STRICT_PROTOTYPES = YES;
				CLANG_WARN_SUSPICIOUS_MOVE = YES;
				CLANG_WARN_UNGUARDED_AVAILABILITY = YES_AGGRESSIVE;
				CLANG_WARN_UNREACHABLE_CODE = YES;
				CLANG_WARN__DUPLICATE_METHOD_MATCH = YES;
				COPY_PHASE_STRIP = NO;
				DEBUG_INFORMATION_FORMAT = "dwarf-with-dsym";
				ENABLE_NS_ASSERTIONS = NO;
				ENABLE_STRICT_OBJC_MSGSEND = YES;
				ENABLE_USER_SCRIPT_SANDBOXING = YES;
				GCC_C_LANGUAGE_STANDARD = gnu17;
				GCC_NO_COMMON_BLOCKS = YES;
				GCC_WARN_64_TO_32_BIT_CONVERSION = YES;
				GCC_WARN_ABOUT_RETURN_TYPE = YES_ERROR;
				GCC_WARN_UNDECLARED_SELECTOR = YES;
				GCC_WARN_UNINITIALIZED_AUTOS = YES_AGGRESSIVE;
				GCC_WARN_UNUSED_FUNCTION = YES;
				GCC_WARN_UNUSED_VARIABLE = YES;
				IPHONEOS_DEPLOYMENT_TARGET = 17.5;
				LOCALIZATION_PREFERS_STRING_CATALOGS = YES;
				MTL_ENABLE_DEBUG_INFO = NO;
				MTL_FAST_MATH = YES;
				SDKROOT = iphoneos;
				SWIFT_COMPILATION_MODE = wholemodule;
				VALIDATE_PRODUCT = YES;
			};
			name = Release;
		};
		4246913F2C19A660008FB866 /* Debug */ = {
			isa = XCBuildConfiguration;
			buildSettings = {
				ASSETCATALOG_COMPILER_APPICON_NAME = AppIcon;
				ASSETCATALOG_COMPILER_GLOBAL_ACCENT_COLOR_NAME = AccentColor;
				CODE_SIGN_STYLE = Automatic;
				CURRENT_PROJECT_VERSION = 1;
				DEVELOPMENT_ASSET_PATHS = "\"SwiftUIDemo/Preview Content\"";
				DEVELOPMENT_TEAM = X8WURV985T;
				ENABLE_PREVIEWS = YES;
				GENERATE_INFOPLIST_FILE = YES;
				INFOPLIST_KEY_UIApplicationSceneManifest_Generation = YES;
				INFOPLIST_KEY_UIApplicationSupportsIndirectInputEvents = YES;
				INFOPLIST_KEY_UILaunchScreen_Generation = YES;
				INFOPLIST_KEY_UISupportedInterfaceOrientations_iPad = "UIInterfaceOrientationPortrait UIInterfaceOrientationPortraitUpsideDown UIInterfaceOrientationLandscapeLeft UIInterfaceOrientationLandscapeRight";
				INFOPLIST_KEY_UISupportedInterfaceOrientations_iPhone = "UIInterfaceOrientationPortrait UIInterfaceOrientationLandscapeLeft UIInterfaceOrientationLandscapeRight";
				IPHONEOS_DEPLOYMENT_TARGET = 17.5;
				LD_RUNPATH_SEARCH_PATHS = (
					"$(inherited)",
					"@executable_path/Frameworks",
				);
				MARKETING_VERSION = 1.0;
				PRODUCT_BUNDLE_IDENTIFIER = com.xyx.demo.SwiftUIDemo;
				PRODUCT_NAME = "$(TARGET_NAME)";
				SWIFT_EMIT_LOC_STRINGS = YES;
				SWIFT_VERSION = 5.0;
				TARGETED_DEVICE_FAMILY = "1,2";
			};
			name = Debug;
		};
		424691402C19A660008FB866 /* Release */ = {
			isa = XCBuildConfiguration;
			buildSettings = {
				ASSETCATALOG_COMPILER_APPICON_NAME = AppIcon;
				ASSETCATALOG_COMPILER_GLOBAL_ACCENT_COLOR_NAME = AccentColor;
				CODE_SIGN_STYLE = Automatic;
				CURRENT_PROJECT_VERSION = 1;
				DEVELOPMENT_ASSET_PATHS = "\"SwiftUIDemo/Preview Content\"";
				DEVELOPMENT_TEAM = X8WURV985T;
				ENABLE_PREVIEWS = YES;
				GENERATE_INFOPLIST_FILE = YES;
				INFOPLIST_KEY_UIApplicationSceneManifest_Generation = YES;
				INFOPLIST_KEY_UIApplicationSupportsIndirectInputEvents = YES;
				INFOPLIST_KEY_UILaunchScreen_Generation = YES;
				INFOPLIST_KEY_UISupportedInterfaceOrientations_iPad = "UIInterfaceOrientationPortrait UIInterfaceOrientationPortraitUpsideDown UIInterfaceOrientationLandscapeLeft UIInterfaceOrientationLandscapeRight";
				INFOPLIST_KEY_UISupportedInterfaceOrientations_iPhone = "UIInterfaceOrientationPortrait UIInterfaceOrientationLandscapeLeft UIInterfaceOrientationLandscapeRight";
				IPHONEOS_DEPLOYMENT_TARGET = 17.5;
				LD_RUNPATH_SEARCH_PATHS = (
					"$(inherited)",
					"@executable_path/Frameworks",
				);
				MARKETING_VERSION = 1.0;
				PRODUCT_BUNDLE_IDENTIFIER = com.xyx.demo.SwiftUIDemo;
				PRODUCT_NAME = "$(TARGET_NAME)";
				SWIFT_EMIT_LOC_STRINGS = YES;
				SWIFT_VERSION = 5.0;
				TARGETED_DEVICE_FAMILY = "1,2";
			};
			name = Release;
		};
/* End XCBuildConfiguration section */

/* Begin XCConfigurationList section */
		4246912B2C19A65E008FB866 /* Build configuration list for PBXProject "SwiftUIDemo" */ = {
			isa = XCConfigurationList;
			buildConfigurations = (
				4246913C2C19A660008FB866 /* Debug */,
				4246913D2C19A660008FB866 /* Release */,
			);
			defaultConfigurationIsVisible = 0;
			defaultConfigurationName = Release;
		};
		4246913E2C19A660008FB866 /* Build configuration list for PBXNativeTarget "SwiftUIDemo" */ = {
			isa = XCConfigurationList;
			buildConfigurations = (
				4246913F2C19A660008FB866 /* Debug */,
				424691402C19A660008FB866 /* Release */,
			);
			defaultConfigurationIsVisible = 0;
			defaultConfigurationName = Release;
		};
/* End XCConfigurationList section */
	};
	rootObject = 424691282C19A65E008FB866 /* Project object */;
}
